comfyui:
  repo: https://github.com/comfyanonymous/ComfyUI.git
  commit: 603d891eaf045d726d9c23276b4428daf2977624
  install_command: pip install -r requirements.txt
  python_extras: []
  required_node_classes:
    - LoadImage
    - CheckpointLoaderSimple
    - UNETLoader
    - VAELoader
    - CLIPLoader
    - DualCLIPLoader
    - CLIPTextEncode
    - CLIPTextEncodeLumina2
    - TextEncodeAceStepAudio1.5
    - TextEncodeQwenImageEditPlus
    - EmptyAceStep1.5LatentAudio
    - EmptySD3LatentImage
    - ConditioningZeroOut
    - ConditioningStableAudio
    - EmptyLatentAudio
    - EmptyLatentImage
    - EmptyFlux2LatentImage
    - TextGenerate
    - CFGOverride
    - DualModelGuider
    - RandomNoise
    - KSamplerSelect
    - Ideogram4Scheduler
    - SamplerCustomAdvanced
    - KSampler
    - ModelSamplingAuraFlow
    - FluxKontextImageScale
    - FluxKontextMultiReferenceLatentMethod
    - LoraLoaderModelOnly
    - VAEEncode
    - VAEDecode
    - VAEDecodeAudio
    - UpscaleModelLoader
    - ImageUpscaleWithModel
    - ImageScale
    - SaveImage
    - LoadAudio
    - SaveAudio
custom_nodes:
  - id: comfyui_gguf
    repo: https://github.com/city96/ComfyUI-GGUF.git
    commit: 6ea2651e7df66d7585f6ffee804b20e92fb38b8a
    install_command: pip install -r requirements.txt
    python_extras: []
    required_node_classes:
      - UnetLoaderGGUF
      - UnetLoaderGGUFAdvanced
      - CLIPLoaderGGUF
      - DualCLIPLoaderGGUF
      - TripleCLIPLoaderGGUF
      - QuadrupleCLIPLoaderGGUF
  - id: video_helper_suite
    repo: https://github.com/Kosinkadink/ComfyUI-VideoHelperSuite.git
    commit: 4ee72c065db22c9d96c2427954dc69e7b908444b
    install_command: pip install -r requirements.txt
    python_extras: []
    required_node_classes:
      - VHS_LoadVideo
      - VHS_VideoCombine
  - id: frame_interpolation
    repo: https://github.com/Fannovel16/ComfyUI-Frame-Interpolation.git
    commit: 26545cc2dd95bc3d27f056016300673bdeee78f5
    install_command: pip install -r requirements.txt
    python_extras: []
    required_node_classes:
      - RIFE VFI
      - FILM VFI
      - AMT VFI
      - Make Interpolation State List
      - VFI FloatToInt
  - id: controlnet_aux
    repo: https://github.com/Fannovel16/comfyui_controlnet_aux.git
    commit: e8b689a513c3e6b63edc44066560ca5919c0576e
    install_command: pip install -r requirements.txt
    python_extras: []
    required_node_classes:
      - AIO Aux Preprocessor
      - CannyEdgePreprocessor
      - DepthAnythingV2Preprocessor
  - id: advanced_controlnet
    repo: https://github.com/Kosinkadink/ComfyUI-Advanced-ControlNet.git
    commit: ba0795aaaa6d100f8d84a1f060df682bcc1091fa
    install_command: pip install -r requirements.txt
    python_extras: []
    required_node_classes: []
  - id: florence2
    repo: https://github.com/kijai/ComfyUI-Florence2.git
    commit: 9ece3de914214c5f581d725167bc9d0eeb0d1120
    install_command: pip install -r requirements.txt
    python_extras: []
    required_node_classes:
      - DownloadAndLoadFlorence2Model
      - Florence2Run
  - id: mmaudio
    repo: https://github.com/kijai/ComfyUI-MMAudio.git
    commit: 8eaeb72edc3aaf2059b57f2d96a1f6f689f19ae2
    install_command: pip install -r requirements.txt
    python_extras: []
    required_node_classes:
      - MMAudioModelLoader
      - MMAudioFeatureUtilsLoader
      - MMAudioSampler
      - MMAudioVoCoderLoader
  - id: audio_separation
    repo: https://github.com/christian-byrne/audio-separation-nodes-comfyui.git
    commit: ac339561973f0c1e56db2f9d40f11b0fddda6763
    install_command: pip install -r requirements.txt
    python_extras: []
    required_node_classes:
      - AudioSeparation
      - AudioCombine
      - AudioCrop
      - AudioTempoMatch
      - AudioSpeedShift
      - AudioGetTempo
      - AudioVideoCombine
  - id: chatterbox
    repo: https://github.com/filliptm/ComfyUI_Fill-ChatterBox.git
    commit: 596850bc61665e9318914841b41ee4154253f020
    install_command: pip install -r requirements.txt
    python_extras: []
    required_node_classes:
      - FL_ChatterboxTTS
      - FL_ChatterboxTurboTTS
      - FL_ChatterboxMultilingualTTS
      - FL_ChatterboxVC
      - FL_ChatterboxDialogTTS
  - id: foundation_1
    repo: https://github.com/Saganaki22/ComfyUI-Foundation-1.git
    commit: 41f4692dd20268d40cc806989063a7a1f4b5b3fe
    install_command: pip install -r requirements.txt
    python_extras: []
    required_node_classes:
      - Foundation1ModelLoader
      - Foundation1Generate
  - id: omnigen
    repo: https://github.com/1038lab/ComfyUI-OmniGen.git
    commit: 5890d3fdb7ac5b598d025a2a14fbd2d6c9d8104b
    install_command: pip install -r requirements.txt
    python_extras: []
    required_node_classes:
      - ailab_OmniGen
  - id: comfyui_rmbg
    repo: https://github.com/1038lab/ComfyUI-RMBG.git
    commit: d7402513f23f58db7d56754b02a4f51a148b4941
    install_command: pip install -r requirements.txt
    python_extras: []
    required_node_classes:
      - BiRefNetRMBG
      - RMBG
